{
  "version": 4,
  "terraform_version": "1.0.6",
  "serial": 11,
  "lineage": "36c0cfe7-f3d4-0858-eb16-f803e9d72588",
  "outputs": {},
  "resources": [
    {
      "mode": "managed",
      "type": "dcnm_vrf",
      "name": "test-vrf",
      "provider": "provider[\"registry.terraform.io/ciscodevnet/dcnm\"]",
      "instances": [
        {
          "schema_version": 0,
          "attributes": {
            "advertise_default_route": "true",
            "advertise_host_route": "false",
            "attachments": [],
            "deploy": false,
            "deploy_timeout": 300,
            "description": "This vrf is created by terraform",
            "extension_template": "Default_VRF_Extension_Universal",
            "fabric_name": "Test",
            "id": "Anshul_VRF",
            "intf_description": null,
            "ipv6_link_local_flag": "true",
            "loopback_id": null,
            "max_bgp_path": 1,
            "max_ibgp_path": 2,
            "mtu": 9216,
            "mutlicast_address": null,
            "mutlicast_group": "",
            "name": "Anshul_VRF",
            "rp_address": null,
            "rp_external_flag": "false",
            "segment_id": "50000",
            "service_template": null,
            "source": null,
            "static_default_route": "true",
            "tag": "12345",
            "template": "Default_VRF_Universal",
            "trm_bgw_msite_flag": "false",
            "trm_enable": "false",
            "vlan_id": 2000,
            "vlan_name": null
          },
          "sensitive_attributes": [],
          "private": "bnVsbA=="
        }
      ]
    }
  ]
}
